// !$*UTF8*$!
{
	archiveVersion = 1;
	classes = {
	};
	objectVersion = 50;
	objects = {

/* Begin PBXBuildFile section */
		A2604C7F23C5590A00C8FAAC /* User.swift in Sources */ = {isa = PBXBuildFile; fileRef = A2604C7E23C5590A00C8FAAC /* User.swift */; };
		A2604C8123C5598000C8FAAC /* Restaurant.swift in Sources */ = {isa = PBXBuildFile; fileRef = A2604C8023C5598000C8FAAC /* Restaurant.swift */; };
		A2604C8323C559CB00C8FAAC /* CuisineEnum.swift in Sources */ = {isa = PBXBuildFile; fileRef = A2604C8223C559CB00C8FAAC /* CuisineEnum.swift */; };
		A2DC1F1D23C3C86200A7DE23 /* AppDelegate.swift in Sources */ = {isa = PBXBuildFile; fileRef = A2DC1F1C23C3C86200A7DE23 /* AppDelegate.swift */; };
		A2DC1F1F23C3C86200A7DE23 /* SceneDelegate.swift in Sources */ = {isa = PBXBuildFile; fileRef = A2DC1F1E23C3C86200A7DE23 /* SceneDelegate.swift */; };
		A2DC1F2123C3C86200A7DE23 /* ViewController.swift in Sources */ = {isa = PBXBuildFile; fileRef = A2DC1F2023C3C86200A7DE23 /* ViewController.swift */; };
		A2DC1F2423C3C86200A7DE23 /* Main.storyboard in Resources */ = {isa = PBXBuildFile; fileRef = A2DC1F2223C3C86200A7DE23 /* Main.storyboard */; };
		A2DC1F2623C3C86300A7DE23 /* Assets.xcassets in Resources */ = {isa = PBXBuildFile; fileRef = A2DC1F2523C3C86300A7DE23 /* Assets.xcassets */; };
		A2DC1F2923C3C86300A7DE23 /* LaunchScreen.storyboard in Resources */ = {isa = PBXBuildFile; fileRef = A2DC1F2723C3C86300A7DE23 /* LaunchScreen.storyboard */; };
		A2DC1F3123C3C94C00A7DE23 /* SignUpLogIn.storyboard in Resources */ = {isa = PBXBuildFile; fileRef = A2DC1F3023C3C94C00A7DE23 /* SignUpLogIn.storyboard */; };
		A2DC1F3423C3CE9B00A7DE23 /* SignUpLogInViewController.swift in Sources */ = {isa = PBXBuildFile; fileRef = A2DC1F3323C3CE9B00A7DE23 /* SignUpLogInViewController.swift */; };
		A2DC1F3723C3DA2C00A7DE23 /* AddNewDish.storyboard in Resources */ = {isa = PBXBuildFile; fileRef = A2DC1F3623C3DA2C00A7DE23 /* AddNewDish.storyboard */; };
		A2DC1F3923C3E82500A7DE23 /* AddNewRestaurant.storyboard in Resources */ = {isa = PBXBuildFile; fileRef = A2DC1F3823C3E82500A7DE23 /* AddNewRestaurant.storyboard */; };
		A2DE881823C7C99C002BB4F6 /* Review.swift in Sources */ = {isa = PBXBuildFile; fileRef = A2DE881723C7C99C002BB4F6 /* Review.swift */; };
		A2E1EE5323C4FA7800DEB512 /* HomeFeed.storyboard in Resources */ = {isa = PBXBuildFile; fileRef = A2E1EE5223C4FA7800DEB512 /* HomeFeed.storyboard */; };
		A2E1EE5523C5061300DEB512 /* DishDetailView.storyboard in Resources */ = {isa = PBXBuildFile; fileRef = A2E1EE5423C5061300DEB512 /* DishDetailView.storyboard */; };
		A2E1EE5723C5268800DEB512 /* HomeTableViewController.swift in Sources */ = {isa = PBXBuildFile; fileRef = A2E1EE5623C5268800DEB512 /* HomeTableViewController.swift */; };
		A2E1EE5923C526C100DEB512 /* HomeRestaurantsTableViewCell.swift in Sources */ = {isa = PBXBuildFile; fileRef = A2E1EE5823C526C100DEB512 /* HomeRestaurantsTableViewCell.swift */; };
		A2E1EE5C23C5275400DEB512 /* RestaurantDetailViewController.swift in Sources */ = {isa = PBXBuildFile; fileRef = A2E1EE5B23C5275400DEB512 /* RestaurantDetailViewController.swift */; };
		A2E1EE5E23C5292400DEB512 /* RestaurantReviewTableViewCell.swift in Sources */ = {isa = PBXBuildFile; fileRef = A2E1EE5D23C5292400DEB512 /* RestaurantReviewTableViewCell.swift */; };
		A2F9047C23C52B2B00F68E43 /* DishesTableViewController.swift in Sources */ = {isa = PBXBuildFile; fileRef = A2F9047B23C52B2B00F68E43 /* DishesTableViewController.swift */; };
		A2F9047E23C5304D00F68E43 /* DishesTableViewCell.swift in Sources */ = {isa = PBXBuildFile; fileRef = A2F9047D23C5304D00F68E43 /* DishesTableViewCell.swift */; };
		A2F9048023C5314000F68E43 /* DishDetailViewController.swift in Sources */ = {isa = PBXBuildFile; fileRef = A2F9047F23C5314000F68E43 /* DishDetailViewController.swift */; };
		A2F9048223C5336500F68E43 /* DishDetailReviewTableViewCell.swift in Sources */ = {isa = PBXBuildFile; fileRef = A2F9048123C5336500F68E43 /* DishDetailReviewTableViewCell.swift */; };
		A2F9048423C536FE00F68E43 /* AddDishViewController.swift in Sources */ = {isa = PBXBuildFile; fileRef = A2F9048323C536FE00F68E43 /* AddDishViewController.swift */; };
		A2F9048623C5392000F68E43 /* AddRestaurantViewController.swift in Sources */ = {isa = PBXBuildFile; fileRef = A2F9048523C5392000F68E43 /* AddRestaurantViewController.swift */; };
/* End PBXBuildFile section */

/* Begin PBXFileReference section */
		A2604C7E23C5590A00C8FAAC /* User.swift */ = {isa = PBXFileReference; lastKnownFileType = sourcecode.swift; path = User.swift; sourceTree = "<group>"; };
		A2604C8023C5598000C8FAAC /* Restaurant.swift */ = {isa = PBXFileReference; lastKnownFileType = sourcecode.swift; path = Restaurant.swift; sourceTree = "<group>"; };
		A2604C8223C559CB00C8FAAC /* CuisineEnum.swift */ = {isa = PBXFileReference; lastKnownFileType = sourcecode.swift; path = CuisineEnum.swift; sourceTree = "<group>"; };
		A2DC1F1923C3C86200A7DE23 /* FoodieFun.app */ = {isa = PBXFileReference; explicitFileType = wrapper.application; includeInIndex = 0; path = FoodieFun.app; sourceTree = BUILT_PRODUCTS_DIR; };
		A2DC1F1C23C3C86200A7DE23 /* AppDelegate.swift */ = {isa = PBXFileReference; lastKnownFileType = sourcecode.swift; path = AppDelegate.swift; sourceTree = "<group>"; };
		A2DC1F1E23C3C86200A7DE23 /* SceneDelegate.swift */ = {isa = PBXFileReference; lastKnownFileType = sourcecode.swift; path = SceneDelegate.swift; sourceTree = "<group>"; };
		A2DC1F2023C3C86200A7DE23 /* ViewController.swift */ = {isa = PBXFileReference; lastKnownFileType = sourcecode.swift; path = ViewController.swift; sourceTree = "<group>"; };
		A2DC1F2323C3C86200A7DE23 /* Base */ = {isa = PBXFileReference; lastKnownFileType = file.storyboard; name = Base; path = Base.lproj/Main.storyboard; sourceTree = "<group>"; };
		A2DC1F2523C3C86300A7DE23 /* Assets.xcassets */ = {isa = PBXFileReference; lastKnownFileType = folder.assetcatalog; path = Assets.xcassets; sourceTree = "<group>"; };
		A2DC1F2823C3C86300A7DE23 /* Base */ = {isa = PBXFileReference; lastKnownFileType = file.storyboard; name = Base; path = Base.lproj/LaunchScreen.storyboard; sourceTree = "<group>"; };
		A2DC1F2A23C3C86300A7DE23 /* Info.plist */ = {isa = PBXFileReference; lastKnownFileType = text.plist.xml; path = Info.plist; sourceTree = "<group>"; };
		A2DC1F3023C3C94C00A7DE23 /* SignUpLogIn.storyboard */ = {isa = PBXFileReference; lastKnownFileType = file.storyboard; path = SignUpLogIn.storyboard; sourceTree = "<group>"; };
		A2DC1F3323C3CE9B00A7DE23 /* SignUpLogInViewController.swift */ = {isa = PBXFileReference; lastKnownFileType = sourcecode.swift; path = SignUpLogInViewController.swift; sourceTree = "<group>"; };
		A2DC1F3623C3DA2C00A7DE23 /* AddNewDish.storyboard */ = {isa = PBXFileReference; lastKnownFileType = file.storyboard; path = AddNewDish.storyboard; sourceTree = "<group>"; };
		A2DC1F3823C3E82500A7DE23 /* AddNewRestaurant.storyboard */ = {isa = PBXFileReference; lastKnownFileType = file.storyboard; path = AddNewRestaurant.storyboard; sourceTree = "<group>"; };
		A2DE881723C7C99C002BB4F6 /* Review.swift */ = {isa = PBXFileReference; lastKnownFileType = sourcecode.swift; path = Review.swift; sourceTree = "<group>"; };
		A2E1EE5223C4FA7800DEB512 /* HomeFeed.storyboard */ = {isa = PBXFileReference; lastKnownFileType = file.storyboard; path = HomeFeed.storyboard; sourceTree = "<group>"; };
		A2E1EE5423C5061300DEB512 /* DishDetailView.storyboard */ = {isa = PBXFileReference; lastKnownFileType = file.storyboard; path = DishDetailView.storyboard; sourceTree = "<group>"; };
		A2E1EE5623C5268800DEB512 /* HomeTableViewController.swift */ = {isa = PBXFileReference; lastKnownFileType = sourcecode.swift; path = HomeTableViewController.swift; sourceTree = "<group>"; };
		A2E1EE5823C526C100DEB512 /* HomeRestaurantsTableViewCell.swift */ = {isa = PBXFileReference; lastKnownFileType = sourcecode.swift; path = HomeRestaurantsTableViewCell.swift; sourceTree = "<group>"; };
		A2E1EE5B23C5275400DEB512 /* RestaurantDetailViewController.swift */ = {isa = PBXFileReference; lastKnownFileType = sourcecode.swift; path = RestaurantDetailViewController.swift; sourceTree = "<group>"; };
		A2E1EE5D23C5292400DEB512 /* RestaurantReviewTableViewCell.swift */ = {isa = PBXFileReference; lastKnownFileType = sourcecode.swift; path = RestaurantReviewTableViewCell.swift; sourceTree = "<group>"; };
		A2F9047B23C52B2B00F68E43 /* DishesTableViewController.swift */ = {isa = PBXFileReference; lastKnownFileType = sourcecode.swift; path = DishesTableViewController.swift; sourceTree = "<group>"; };
		A2F9047D23C5304D00F68E43 /* DishesTableViewCell.swift */ = {isa = PBXFileReference; lastKnownFileType = sourcecode.swift; path = DishesTableViewCell.swift; sourceTree = "<group>"; };
		A2F9047F23C5314000F68E43 /* DishDetailViewController.swift */ = {isa = PBXFileReference; lastKnownFileType = sourcecode.swift; name = DishDetailViewController.swift; path = FoodieFun/Storyboards/DishDetailViewController.swift; sourceTree = SOURCE_ROOT; };
		A2F9048123C5336500F68E43 /* DishDetailReviewTableViewCell.swift */ = {isa = PBXFileReference; lastKnownFileType = sourcecode.swift; path = DishDetailReviewTableViewCell.swift; sourceTree = "<group>"; };
		A2F9048323C536FE00F68E43 /* AddDishViewController.swift */ = {isa = PBXFileReference; lastKnownFileType = sourcecode.swift; path = AddDishViewController.swift; sourceTree = "<group>"; };
		A2F9048523C5392000F68E43 /* AddRestaurantViewController.swift */ = {isa = PBXFileReference; lastKnownFileType = sourcecode.swift; path = AddRestaurantViewController.swift; sourceTree = "<group>"; };
/* End PBXFileReference section */

/* Begin PBXFrameworksBuildPhase section */
		A2DC1F1623C3C86200A7DE23 /* Frameworks */ = {
			isa = PBXFrameworksBuildPhase;
			buildActionMask = 2147483647;
			files = (
			);
			runOnlyForDeploymentPostprocessing = 0;
		};
/* End PBXFrameworksBuildPhase section */

/* Begin PBXGroup section */
		A2DC1F1023C3C86200A7DE23 = {
			isa = PBXGroup;
			children = (
				A2DC1F1B23C3C86200A7DE23 /* FoodieFun */,
				A2DC1F1A23C3C86200A7DE23 /* Products */,
			);
			sourceTree = "<group>";
		};
		A2DC1F1A23C3C86200A7DE23 /* Products */ = {
			isa = PBXGroup;
			children = (
				A2DC1F1923C3C86200A7DE23 /* FoodieFun.app */,
			);
			name = Products;
			sourceTree = "<group>";
		};
		A2DC1F1B23C3C86200A7DE23 /* FoodieFun */ = {
			isa = PBXGroup;
			children = (
				A2DC1F1C23C3C86200A7DE23 /* AppDelegate.swift */,
				A2DC1F1E23C3C86200A7DE23 /* SceneDelegate.swift */,
				A2DE881623C7C835002BB4F6 /* Models */,
				A2E1EE5A23C526C900DEB512 /* Views */,
				A2DC1F3523C3CEA900A7DE23 /* View Controllers */,
				A2DC1F3223C3C95A00A7DE23 /* Storyboards */,
				A2DC1F2523C3C86300A7DE23 /* Assets.xcassets */,
				A2DC1F2A23C3C86300A7DE23 /* Info.plist */,
			);
			path = FoodieFun;
			sourceTree = "<group>";
		};
		A2DC1F3223C3C95A00A7DE23 /* Storyboards */ = {
			isa = PBXGroup;
			children = (
				A2DC1F2223C3C86200A7DE23 /* Main.storyboard */,
				A2DC1F2723C3C86300A7DE23 /* LaunchScreen.storyboard */,
				A2DC1F3023C3C94C00A7DE23 /* SignUpLogIn.storyboard */,
				A2DC1F3623C3DA2C00A7DE23 /* AddNewDish.storyboard */,
				A2DC1F3823C3E82500A7DE23 /* AddNewRestaurant.storyboard */,
				A2E1EE5223C4FA7800DEB512 /* HomeFeed.storyboard */,
				A2E1EE5423C5061300DEB512 /* DishDetailView.storyboard */,
			);
			path = Storyboards;
			sourceTree = "<group>";
		};
		A2DC1F3523C3CEA900A7DE23 /* View Controllers */ = {
			isa = PBXGroup;
			children = (
				A2F9047F23C5314000F68E43 /* DishDetailViewController.swift */,
				A2DC1F2023C3C86200A7DE23 /* ViewController.swift */,
				A2DC1F3323C3CE9B00A7DE23 /* SignUpLogInViewController.swift */,
				A2E1EE5623C5268800DEB512 /* HomeTableViewController.swift */,
				A2E1EE5B23C5275400DEB512 /* RestaurantDetailViewController.swift */,
				A2F9047B23C52B2B00F68E43 /* DishesTableViewController.swift */,
				A2F9048323C536FE00F68E43 /* AddDishViewController.swift */,
				A2F9048523C5392000F68E43 /* AddRestaurantViewController.swift */,
			);
			path = "View Controllers";
			sourceTree = "<group>";
		};
		A2DE881623C7C835002BB4F6 /* Models */ = {
			isa = PBXGroup;
			children = (
				A2604C7E23C5590A00C8FAAC /* User.swift */,
				A2604C8023C5598000C8FAAC /* Restaurant.swift */,
				A2604C8223C559CB00C8FAAC /* CuisineEnum.swift */,
				A2DE881723C7C99C002BB4F6 /* Review.swift */,
			);
			path = Models;
			sourceTree = "<group>";
		};
		A2E1EE5A23C526C900DEB512 /* Views */ = {
			isa = PBXGroup;
			children = (
				A2E1EE5823C526C100DEB512 /* HomeRestaurantsTableViewCell.swift */,
				A2E1EE5D23C5292400DEB512 /* RestaurantReviewTableViewCell.swift */,
				A2F9047D23C5304D00F68E43 /* DishesTableViewCell.swift */,
				A2F9048123C5336500F68E43 /* DishDetailReviewTableViewCell.swift */,
			);
			path = Views;
			sourceTree = "<group>";
		};
/* End PBXGroup section */

/* Begin PBXNativeTarget section */
		A2DC1F1823C3C86200A7DE23 /* FoodieFun */ = {
			isa = PBXNativeTarget;
			buildConfigurationList = A2DC1F2D23C3C86300A7DE23 /* Build configuration list for PBXNativeTarget "FoodieFun" */;
			buildPhases = (
				A2DC1F1523C3C86200A7DE23 /* Sources */,
				A2DC1F1623C3C86200A7DE23 /* Frameworks */,
				A2DC1F1723C3C86200A7DE23 /* Resources */,
			);
			buildRules = (
			);
			dependencies = (
			);
			name = FoodieFun;
			productName = FoodieFun;
			productReference = A2DC1F1923C3C86200A7DE23 /* FoodieFun.app */;
			productType = "com.apple.product-type.application";
		};
/* End PBXNativeTarget section */

/* Begin PBXProject section */
		A2DC1F1123C3C86200A7DE23 /* Project object */ = {
			isa = PBXProject;
			attributes = {
				LastSwiftUpdateCheck = 1130;
				LastUpgradeCheck = 1130;
				ORGANIZATIONNAME = "Alex Shillingford";
				TargetAttributes = {
					A2DC1F1823C3C86200A7DE23 = {
						CreatedOnToolsVersion = 11.3;
					};
				};
			};
			buildConfigurationList = A2DC1F1423C3C86200A7DE23 /* Build configuration list for PBXProject "FoodieFun" */;
			compatibilityVersion = "Xcode 9.3";
			developmentRegion = en;
			hasScannedForEncodings = 0;
			knownRegions = (
				en,
				Base,
			);
			mainGroup = A2DC1F1023C3C86200A7DE23;
			productRefGroup = A2DC1F1A23C3C86200A7DE23 /* Products */;
			projectDirPath = "";
			projectRoot = "";
			targets = (
				A2DC1F1823C3C86200A7DE23 /* FoodieFun */,
			);
		};
/* End PBXProject section */

/* Begin PBXResourcesBuildPhase section */
		A2DC1F1723C3C86200A7DE23 /* Resources */ = {
			isa = PBXResourcesBuildPhase;
			buildActionMask = 2147483647;
			files = (
				A2DC1F3923C3E82500A7DE23 /* AddNewRestaurant.storyboard in Resources */,
				A2DC1F3123C3C94C00A7DE23 /* SignUpLogIn.storyboard in Resources */,
				A2DC1F2923C3C86300A7DE23 /* LaunchScreen.storyboard in Resources */,
				A2DC1F2623C3C86300A7DE23 /* Assets.xcassets in Resources */,
				A2DC1F2423C3C86200A7DE23 /* Main.storyboard in Resources */,
				A2E1EE5323C4FA7800DEB512 /* HomeFeed.storyboard in Resources */,
				A2E1EE5523C5061300DEB512 /* DishDetailView.storyboard in Resources */,
				A2DC1F3723C3DA2C00A7DE23 /* AddNewDish.storyboard in Resources */,
			);
			runOnlyForDeploymentPostprocessing = 0;
		};
/* End PBXResourcesBuildPhase section */

/* Begin PBXSourcesBuildPhase section */
		A2DC1F1523C3C86200A7DE23 /* Sources */ = {
			isa = PBXSourcesBuildPhase;
			buildActionMask = 2147483647;
			files = (
				A2604C8323C559CB00C8FAAC /* CuisineEnum.swift in Sources */,
				A2DC1F3423C3CE9B00A7DE23 /* SignUpLogInViewController.swift in Sources */,
				A2DC1F2123C3C86200A7DE23 /* ViewController.swift in Sources */,
				A2DC1F1D23C3C86200A7DE23 /* AppDelegate.swift in Sources */,
				A2F9047E23C5304D00F68E43 /* DishesTableViewCell.swift in Sources */,
				A2604C8123C5598000C8FAAC /* Restaurant.swift in Sources */,
				A2DC1F1F23C3C86200A7DE23 /* SceneDelegate.swift in Sources */,
				A2F9048623C5392000F68E43 /* AddRestaurantViewController.swift in Sources */,
				A2E1EE5E23C5292400DEB512 /* RestaurantReviewTableViewCell.swift in Sources */,
				A2E1EE5723C5268800DEB512 /* HomeTableViewController.swift in Sources */,
				A2604C7F23C5590A00C8FAAC /* User.swift in Sources */,
				A2DE881823C7C99C002BB4F6 /* Review.swift in Sources */,
				A2F9048423C536FE00F68E43 /* AddDishViewController.swift in Sources */,
				A2E1EE5C23C5275400DEB512 /* RestaurantDetailViewController.swift in Sources */,
				A2F9048023C5314000F68E43 /* DishDetailViewController.swift in Sources */,
				A2F9047C23C52B2B00F68E43 /* DishesTableViewController.swift in Sources */,
				A2F9048223C5336500F68E43 /* DishDetailReviewTableViewCell.swift in Sources */,
				A2E1EE5923C526C100DEB512 /* HomeRestaurantsTableViewCell.swift in Sources */,
			);
			runOnlyForDeploymentPostprocessing = 0;
		};
/* End PBXSourcesBuildPhase section */

/* Begin PBXVariantGroup section */
		A2DC1F2223C3C86200A7DE23 /* Main.storyboard */ = {
			isa = PBXVariantGroup;
			children = (
				A2DC1F2323C3C86200A7DE23 /* Base */,
			);
			name = Main.storyboard;
			sourceTree = "<group>";
		};
		A2DC1F2723C3C86300A7DE23 /* LaunchScreen.storyboard */ = {
			isa = PBXVariantGroup;
			children = (
				A2DC1F2823C3C86300A7DE23 /* Base */,
			);
			name = LaunchScreen.storyboard;
			sourceTree = "<group>";
		};
/* End PBXVariantGroup section */

/* Begin XCBuildConfiguration section */
		A2DC1F2B23C3C86300A7DE23 /* Debug */ = {
			isa = XCBuildConfiguration;
			buildSettings = {
				ALWAYS_SEARCH_USER_PATHS = NO;
				CLANG_ANALYZER_NONNULL = YES;
				CLANG_ANALYZER_NUMBER_OBJECT_CONVERSION = YES_AGGRESSIVE;
				CLANG_CXX_LANGUAGE_STANDARD = "gnu++14";
				CLANG_CXX_LIBRARY = "libc++";
				CLANG_ENABLE_MODULES = YES;
				CLANG_ENABLE_OBJC_ARC = YES;
				CLANG_ENABLE_OBJC_WEAK = YES;
				CLANG_WARN_BLOCK_CAPTURE_AUTORELEASING = YES;
				CLANG_WARN_BOOL_CONVERSION = YES;
				CLANG_WARN_COMMA = YES;
				CLANG_WARN_CONSTANT_CONVERSION = YES;
				CLANG_WARN_DEPRECATED_OBJC_IMPLEMENTATIONS = YES;
				CLANG_WARN_DIRECT_OBJC_ISA_USAGE = YES_ERROR;
				CLANG_WARN_DOCUMENTATION_COMMENTS = YES;
				CLANG_WARN_EMPTY_BODY = YES;
				CLANG_WARN_ENUM_CONVERSION = YES;
				CLANG_WARN_INFINITE_RECURSION = YES;
				CLANG_WARN_INT_CONVERSION = YES;
				CLANG_WARN_NON_LITERAL_NULL_CONVERSION = YES;
				CLANG_WARN_OBJC_IMPLICIT_RETAIN_SELF = YES;
				CLANG_WARN_OBJC_LITERAL_CONVERSION = YES;
				CLANG_WARN_OBJC_ROOT_CLASS = YES_ERROR;
				CLANG_WARN_RANGE_LOOP_ANALYSIS = YES;
				CLANG_WARN_STRICT_PROTOTYPES = YES;
				CLANG_WARN_SUSPICIOUS_MOVE = YES;
				CLANG_WARN_UNGUARDED_AVAILABILITY = YES_AGGRESSIVE;
				CLANG_WARN_UNREACHABLE_CODE = YES;
				CLANG_WARN__DUPLICATE_METHOD_MATCH = YES;
				COPY_PHASE_STRIP = NO;
				DEBUG_INFORMATION_FORMAT = dwarf;
				ENABLE_STRICT_OBJC_MSGSEND = YES;
				ENABLE_TESTABILITY = YES;
				GCC_C_LANGUAGE_STANDARD = gnu11;
				GCC_DYNAMIC_NO_PIC = NO;
				GCC_NO_COMMON_BLOCKS = YES;
				GCC_OPTIMIZATION_LEVEL = 0;
				GCC_PREPROCESSOR_DEFINITIONS = (
					"DEBUG=1",
					"$(inherited)",
				);
				GCC_WARN_64_TO_32_BIT_CONVERSION = YES;
				GCC_WARN_ABOUT_RETURN_TYPE = YES_ERROR;
				GCC_WARN_UNDECLARED_SELECTOR = YES;
				GCC_WARN_UNINITIALIZED_AUTOS = YES_AGGRESSIVE;
				GCC_WARN_UNUSED_FUNCTION = YES;
				GCC_WARN_UNUSED_VARIABLE = YES;
				IPHONEOS_DEPLOYMENT_TARGET = 13.2;
				MTL_ENABLE_DEBUG_INFO = INCLUDE_SOURCE;
				MTL_FAST_MATH = YES;
				ONLY_ACTIVE_ARCH = YES;
				SDKROOT = iphoneos;
				SWIFT_ACTIVE_COMPILATION_CONDITIONS = DEBUG;
				SWIFT_OPTIMIZATION_LEVEL = "-Onone";
			};
			name = Debug;
		};
		A2DC1F2C23C3C86300A7DE23 /* Release */ = {
			isa = XCBuildConfiguration;
			buildSettings = {
				ALWAYS_SEARCH_USER_PATHS = NO;
				CLANG_ANALYZER_NONNULL = YES;
				CLANG_ANALYZER_NUMBER_OBJECT_CONVERSION = YES_AGGRESSIVE;
				CLANG_CXX_LANGUAGE_STANDARD = "gnu++14";
				CLANG_CXX_LIBRARY = "libc++";
				CLANG_ENABLE_MODULES = YES;
				CLANG_ENABLE_OBJC_ARC = YES;
				CLANG_ENABLE_OBJC_WEAK = YES;
				CLANG_WARN_BLOCK_CAPTURE_AUTORELEASING = YES;
				CLANG_WARN_BOOL_CONVERSION = YES;
				CLANG_WARN_COMMA = YES;
				CLANG_WARN_CONSTANT_CONVERSION = YES;
				CLANG_WARN_DEPRECATED_OBJC_IMPLEMENTATIONS = YES;
				CLANG_WARN_DIRECT_OBJC_ISA_USAGE = YES_ERROR;
				CLANG_WARN_DOCUMENTATION_COMMENTS = YES;
				CLANG_WARN_EMPTY_BODY = YES;
				CLANG_WARN_ENUM_CONVERSION = YES;
				CLANG_WARN_INFINITE_RECURSION = YES;
				CLANG_WARN_INT_CONVERSION = YES;
				CLANG_WARN_NON_LITERAL_NULL_CONVERSION = YES;
				CLANG_WARN_OBJC_IMPLICIT_RETAIN_SELF = YES;
				CLANG_WARN_OBJC_LITERAL_CONVERSION = YES;
				CLANG_WARN_OBJC_ROOT_CLASS = YES_ERROR;
				CLANG_WARN_RANGE_LOOP_ANALYSIS = YES;
				CLANG_WARN_STRICT_PROTOTYPES = YES;
				CLANG_WARN_SUSPICIOUS_MOVE = YES;
				CLANG_WARN_UNGUARDED_AVAILABILITY = YES_AGGRESSIVE;
				CLANG_WARN_UNREACHABLE_CODE = YES;
				CLANG_WARN__DUPLICATE_METHOD_MATCH = YES;
				COPY_PHASE_STRIP = NO;
				DEBUG_INFORMATION_FORMAT = "dwarf-with-dsym";
				ENABLE_NS_ASSERTIONS = NO;
				ENABLE_STRICT_OBJC_MSGSEND = YES;
				GCC_C_LANGUAGE_STANDARD = gnu11;
				GCC_NO_COMMON_BLOCKS = YES;
				GCC_WARN_64_TO_32_BIT_CONVERSION = YES;
				GCC_WARN_ABOUT_RETURN_TYPE = YES_ERROR;
				GCC_WARN_UNDECLARED_SELECTOR = YES;
				GCC_WARN_UNINITIALIZED_AUTOS = YES_AGGRESSIVE;
				GCC_WARN_UNUSED_FUNCTION = YES;
				GCC_WARN_UNUSED_VARIABLE = YES;
				IPHONEOS_DEPLOYMENT_TARGET = 13.2;
				MTL_ENABLE_DEBUG_INFO = NO;
				MTL_FAST_MATH = YES;
				SDKROOT = iphoneos;
				SWIFT_COMPILATION_MODE = wholemodule;
				SWIFT_OPTIMIZATION_LEVEL = "-O";
				VALIDATE_PRODUCT = YES;
			};
			name = Release;
		};
		A2DC1F2E23C3C86300A7DE23 /* Debug */ = {
			isa = XCBuildConfiguration;
			buildSettings = {
				ASSETCATALOG_COMPILER_APPICON_NAME = AppIcon;
				CODE_SIGN_STYLE = Automatic;
				DEVELOPMENT_TEAM = VXUQXR6S56;
				INFOPLIST_FILE = FoodieFun/Info.plist;
				LD_RUNPATH_SEARCH_PATHS = (
					"$(inherited)",
					"@executable_path/Frameworks",
				);
				PRODUCT_BUNDLE_IDENTIFIER = com.shillwil.FoodieFun;
				PRODUCT_NAME = "$(TARGET_NAME)";
				SWIFT_VERSION = 5.0;
				TARGETED_DEVICE_FAMILY = "1,2";
			};
			name = Debug;
		};
		A2DC1F2F23C3C86300A7DE23 /* Release */ = {
			isa = XCBuildConfiguration;
			buildSettings = {
				ASSETCATALOG_COMPILER_APPICON_NAME = AppIcon;
				CODE_SIGN_STYLE = Automatic;
				DEVELOPMENT_TEAM = VXUQXR6S56;
				INFOPLIST_FILE = FoodieFun/Info.plist;
				LD_RUNPATH_SEARCH_PATHS = (
					"$(inherited)",
					"@executable_path/Frameworks",
				);
				PRODUCT_BUNDLE_IDENTIFIER = com.shillwil.FoodieFun;
				PRODUCT_NAME = "$(TARGET_NAME)";
				SWIFT_VERSION = 5.0;
				TARGETED_DEVICE_FAMILY = "1,2";
			};
			name = Release;
		};
/* End XCBuildConfiguration section */

/* Begin XCConfigurationList section */
		A2DC1F1423C3C86200A7DE23 /* Build configuration list for PBXProject "FoodieFun" */ = {
			isa = XCConfigurationList;
			buildConfigurations = (
				A2DC1F2B23C3C86300A7DE23 /* Debug */,
				A2DC1F2C23C3C86300A7DE23 /* Release */,
			);
			defaultConfigurationIsVisible = 0;
			defaultConfigurationName = Release;
		};
		A2DC1F2D23C3C86300A7DE23 /* Build configuration list for PBXNativeTarget "FoodieFun" */ = {
			isa = XCConfigurationList;
			buildConfigurations = (
				A2DC1F2E23C3C86300A7DE23 /* Debug */,
				A2DC1F2F23C3C86300A7DE23 /* Release */,
			);
			defaultConfigurationIsVisible = 0;
			defaultConfigurationName = Release;
		};
/* End XCConfigurationList section */
	};
	rootObject = A2DC1F1123C3C86200A7DE23 /* Project object */;
}
